
Microsoft Visual Studio Solution File, Format Version 12.00
Project("{2150E333-8FDC-42A3-9474-1A3956D46DE8}") = "src", "src", "{12980C25-8250-4CC6-83E3-A2C8BA064B21}"
EndProject
Project("{2150E333-8FDC-42A3-9474-1A3956D46DE8}") = "test", "test", "{B6C413D4-388E-4DEA-B484-5D04878EF4A4}"
EndProject
Project("{FAE04EC0-301F-11D3-BF4B-00C04F79EFBC}") = "HamsterWoods.Indexer.Orleans.TestBase", "test\HamsterWoods.Indexer.Orleans.TestBase\HamsterWoods.Indexer.Orleans.TestBase.csproj", "{6DDC19FE-5DD2-49DA-8ECC-040EDD77D5B0}"
EndProject
Project("{FAE04EC0-301F-11D3-BF4B-00C04F79EFBC}") = "HamsterWoods.Indexer.Plugin.Tests", "test\BeanTown.Indexer.Tests\HamsterWoods.Indexer.Plugin.Tests.csproj", "{E8B62B69-DBA5-4A67-BE19-EFBC077EE82D}"
EndProject
Project("{FAE04EC0-301F-11D3-BF4B-00C04F79EFBC}") = "HamsterWoods.Indexer.Plugin", "src\HamsterWoods.Indexer.Plugin\HamsterWoods.Indexer.Plugin.csproj", "{3678C988-5EFA-4EFF-B63B-D865EAA49EB6}"
EndProject
Project("{FAE04EC0-301F-11D3-BF4B-00C04F79EFBC}") = "HamsterWoods.Indexer.TestBase", "test\HamsterWoods.Indexer.TestBase\HamsterWoods.Indexer.TestBase.csproj", "{21757DAE-F915-4DEE-AD1F-B0F701EE5B61}"
EndProject
Global
	GlobalSection(SolutionConfigurationPlatforms) = preSolution
		Debug|Any CPU = Debug|Any CPU
		Release|Any CPU = Release|Any CPU
	EndGlobalSection
	GlobalSection(ProjectConfigurationPlatforms) = postSolution
		{6DDC19FE-5DD2-49DA-8ECC-040EDD77D5B0}.Debug|Any CPU.ActiveCfg = Debug|Any CPU
		{6DDC19FE-5DD2-49DA-8ECC-040EDD77D5B0}.Debug|Any CPU.Build.0 = Debug|Any CPU
		{6DDC19FE-5DD2-49DA-8ECC-040EDD77D5B0}.Release|Any CPU.ActiveCfg = Release|Any CPU
		{6DDC19FE-5DD2-49DA-8ECC-040EDD77D5B0}.Release|Any CPU.Build.0 = Release|Any CPU
		{E8B62B69-DBA5-4A67-BE19-EFBC077EE82D}.Debug|Any CPU.ActiveCfg = Debug|Any CPU
		{E8B62B69-DBA5-4A67-BE19-EFBC077EE82D}.Debug|Any CPU.Build.0 = Debug|Any CPU
		{E8B62B69-DBA5-4A67-BE19-EFBC077EE82D}.Release|Any CPU.ActiveCfg = Release|Any CPU
		{E8B62B69-DBA5-4A67-BE19-EFBC077EE82D}.Release|Any CPU.Build.0 = Release|Any CPU
		{3678C988-5EFA-4EFF-B63B-D865EAA49EB6}.Debug|Any CPU.ActiveCfg = Debug|Any CPU
		{3678C988-5EFA-4EFF-B63B-D865EAA49EB6}.Debug|Any CPU.Build.0 = Debug|Any CPU
		{3678C988-5EFA-4EFF-B63B-D865EAA49EB6}.Release|Any CPU.ActiveCfg = Release|Any CPU
		{3678C988-5EFA-4EFF-B63B-D865EAA49EB6}.Release|Any CPU.Build.0 = Release|Any CPU
		{21757DAE-F915-4DEE-AD1F-B0F701EE5B61}.Debug|Any CPU.ActiveCfg = Debug|Any CPU
		{21757DAE-F915-4DEE-AD1F-B0F701EE5B61}.Debug|Any CPU.Build.0 = Debug|Any CPU
		{21757DAE-F915-4DEE-AD1F-B0F701EE5B61}.Release|Any CPU.ActiveCfg = Release|Any CPU
		{21757DAE-F915-4DEE-AD1F-B0F701EE5B61}.Release|Any CPU.Build.0 = Release|Any CPU
	EndGlobalSection
	GlobalSection(NestedProjects) = preSolution
		{6DDC19FE-5DD2-49DA-8ECC-040EDD77D5B0} = {B6C413D4-388E-4DEA-B484-5D04878EF4A4}
		{E8B62B69-DBA5-4A67-BE19-EFBC077EE82D} = {B6C413D4-388E-4DEA-B484-5D04878EF4A4}
		{3678C988-5EFA-4EFF-B63B-D865EAA49EB6} = {12980C25-8250-4CC6-83E3-A2C8BA064B21}
		{21757DAE-F915-4DEE-AD1F-B0F701EE5B61} = {B6C413D4-388E-4DEA-B484-5D04878EF4A4}
	EndGlobalSection
EndGlobal
